
Microsoft Visual Studio Solution File, Format Version 12.00
# Visual Studio Version 17
VisualStudioVersion = 17.4.33205.214
MinimumVisualStudioVersion = 10.0.40219.1
Project("{FAE04EC0-301F-11D3-BF4B-00C04F79EFBC}") = "TaxPowerGSTUpdateBulkReminderMails", "TaxPowerGSTUpdateBulkReminderMails\TaxPowerGSTUpdateBulkReminderMails.csproj", "{F3D0E1F9-0A5D-4C8F-BE62-771A947E92E6}"
EndProject
Global
	GlobalSection(SolutionConfigurationPlatforms) = preSolution
		Debug|Any CPU = Debug|Any CPU
		Release|Any CPU = Release|Any CPU
	EndGlobalSection
	GlobalSection(ProjectConfigurationPlatforms) = postSolution
		{F3D0E1F9-0A5D-4C8F-BE62-771A947E92E6}.Debug|Any CPU.ActiveCfg = Debug|Any CPU
		{F3D0E1F9-0A5D-4C8F-BE62-771A947E92E6}.Debug|Any CPU.Build.0 = Debug|Any CPU
		{F3D0E1F9-0A5D-4C8F-BE62-771A947E92E6}.Release|Any CPU.ActiveCfg = Release|Any CPU
		{F3D0E1F9-0A5D-4C8F-BE62-771A947E92E6}.Release|Any CPU.Build.0 = Release|Any CPU
	EndGlobalSection
	GlobalSection(SolutionProperties) = preSolution
		HideSolutionNode = FALSE
	EndGlobalSection
	GlobalSection(ExtensibilityGlobals) = postSolution
		SolutionGuid = {FF78DCF1-CB04-4326-854D-A444B035C6FB}
	EndGlobalSection
EndGlobal
